github.com/google/go-cmp v0.2.0 h1:+dTQ8DZQJz0Mb/HjFlkptS1FeQ4cWSnN941F8aEG4SQ=
github.com/google/go-cmp v0.2.0/go.mod h1:oXzfMopK8JAjlY9xF4vHSVASa0yLyX7SntLO5aqRK0M=
github.com/google/go-cmp v0.4.0 h1:xsAVV57WRhGj6kEIi8ReJzQlHHqcBYCElAvkovg3B/4=
github.com/google/go-cmp v0.4.0/go.mod h1:v8dTdLbMG2kIc/vJvl+f65V22dbkXbowE6jgT/gNBxE=
github.com/google/uuid v1.1.1 h1:Gkbcsh/GbpXz7lPftLA3P6TYMwjCLYm83jiFQZF/3gY=
github.com/google/uuid v1.1.1/go.mod h1:TIyPZe4MgqvfeYDBFedMoGGpEw/LqOeaOT+nhxU+yHo=
github.com/henderjon/durations v0.1.0 h1:eAU/CI7w3TNsjJqKDh1t4fipGxpth/9xraSvjKCK5o8=
github.com/henderjon/durations v0.1.0/go.mod h1:tznEMynLKYgzg2HsaiMPqVlFz6CCu1F0TiDD3guDO5Q=
github.com/henderjon/errors v0.0.8 h1:SmGmYoFflkZf3ICGAZoSEYD6+ZZzeSNxP14Q4KSEidA=
github.com/henderjon/errors v0.0.8/go.mod h1:WC4Ybb3A2WYsemT/mXpDwlmmyBgn3bv0EZ6txDhiSeQ=
github.com/henderjon/glog v0.1.0/go.mod h1:oM4CXQL+whhAqyF3JLMud2PpRUIT/dsqUiuei2Pvuc0=
github.com/henderjon/jwt v0.6.0 h1:XSW8DgENtN94T45sxiB1r6rQ19p++R+E3p5qMTbKGF0=
github.com/henderjon/jwt v0.6.0/go.mod h1:bqUrpFHKzGYlJqc2/2ds6rUck/Y9/KYpcjlrGk9W8NY=
github.com/henderjon/logger v0.0.6 h1:QKc7+85GD3Qipx8wH1QSQd/Q4+LaWQX86wAmC+uNYCU=
github.com/henderjon/logger v0.0.6/go.mod h1:nC50ZUrhbHUfMLU/4sLgfuboL/A6AVRcZm7jlAzYWmE=
github.com/henderjon/logger v0.1.2 h1:e/htDKhisWLlbuxYH1MYVYtC3pI42p3VqmZ/iZUiNFY=
github.com/henderjon/logger v0.1.2/go.mod h1:hMc6Vj7wmaqyPK76VmDHSb7/6lLI7dw+AQ/fk/TY/Gk=
github.com/kr/pty v1.1.1/go.mod h1:pFQYn66WHrOpPYNljwOMqo10TkYh1fy3cYio2l3bCsQ=
github.com/kr/text v0.1.0 h1:45sCR5RtlFHMR4UwH9sdQ5TC8v0qDQCHnXt+kaKSTVE=
github.com/kr/text v0.1.0/go.mod h1:4Jbv+DJW3UT/LiOwJeYQe1efqtUx/iVham/4vfdArNI=
github.com/niemeyer/pretty v0.0.0-20200227124842-a10e7caefd8e h1:fD57ERR4JtEqsWbfPhv4DMiApHyliiK5xCTNVSPiaAs=
github.com/niemeyer/pretty v0.0.0-20200227124842-a10e7caefd8e/go.mod h1:zD1mROLANZcx1PVRCS0qkT7pwLkGfwJo4zjcN/Tysno=
github.com/satori/go.uuid v1.2.0 h1:0uYX9dsZ2yD7q2RtLRtPSdGDWzjeM3TbMJP9utgA0ww=
github.com/satori/go.uuid v1.2.0/go.mod h1:dA0hQrYB0VpLJoorglMZABFdXlWrHn1NEOzdhQKdks0=
golang.org/x/xerrors v0.0.0-20191204190536-9bdfabe68543 h1:E7g+9GITq07hpfrRu66IVDexMakfv52eLZ2CXBWiKr4=
golang.org/x/xerrors v0.0.0-20191204190536-9bdfabe68543/go.mod h1:I/5z698sn9Ka8TeJc9MKroUUfqBBauWjQqLJ2OPfmY0=
gopkg.in/check.v1 v1.0.0-20200227125254-8fa46927fb4f h1:BLraFXnmrev5lT+xlilqcH8XK9/i0At2xKjWk4p6zsU=
gopkg.in/check.v1 v1.0.0-20200227125254-8fa46927fb4f/go.mod h1:Co6ibVJAznAaIkqp8huTwlJQCZ016jof/cbN4VW5Yz0=
